// !$*UTF8*$!
{
	archiveVersion = 1;
	classes = {
	};
	objectVersion = 50;
	objects = {

/* Begin PBXBuildFile section */
		D43BC4DD21A18B15002BBAAF /* AppDelegate.swift in Sources */ = {isa = PBXBuildFile; fileRef = D43BC4DC21A18B15002BBAAF /* AppDelegate.swift */; };
		D43BC4DF21A18B15002BBAAF /* ViewController.swift in Sources */ = {isa = PBXBuildFile; fileRef = D43BC4DE21A18B15002BBAAF /* ViewController.swift */; };
		D43BC4E221A18B15002BBAAF /* Main.storyboard in Resources */ = {isa = PBXBuildFile; fileRef = D43BC4E021A18B15002BBAAF /* Main.storyboard */; };
		D43BC4E421A18B16002BBAAF /* Assets.xcassets in Resources */ = {isa = PBXBuildFile; fileRef = D43BC4E321A18B16002BBAAF /* Assets.xcassets */; };
		D43BC4E721A18B16002BBAAF /* LaunchScreen.storyboard in Resources */ = {isa = PBXBuildFile; fileRef = D43BC4E521A18B16002BBAAF /* LaunchScreen.storyboard */; };
		D43BC4EF21A18B21002BBAAF /* BalloonView.swift in Sources */ = {isa = PBXBuildFile; fileRef = D43BC4EE21A18B21002BBAAF /* BalloonView.swift */; };
/* End PBXBuildFile section */

/* Begin PBXFileReference section */
		D43BC4D921A18B14002BBAAF /* BalloonView.app */ = {isa = PBXFileReference; explicitFileType = wrapper.application; includeInIndex = 0; path = BalloonView.app; sourceTree = BUILT_PRODUCTS_DIR; };
		D43BC4DC21A18B15002BBAAF /* AppDelegate.swift */ = {isa = PBXFileReference; lastKnownFileType = sourcecode.swift; path = AppDelegate.swift; sourceTree = "<group>"; };
		D43BC4DE21A18B15002BBAAF /* ViewController.swift */ = {isa = PBXFileReference; lastKnownFileType = sourcecode.swift; path = ViewController.swift; sourceTree = "<group>"; };
		D43BC4E121A18B15002BBAAF /* Base */ = {isa = PBXFileReference; lastKnownFileType = file.storyboard; name = Base; path = Base.lproj/Main.storyboard; sourceTree = "<group>"; };
		D43BC4E321A18B16002BBAAF /* Assets.xcassets */ = {isa = PBXFileReference; lastKnownFileType = folder.assetcatalog; path = Assets.xcassets; sourceTree = "<group>"; };
		D43BC4E621A18B16002BBAAF /* Base */ = {isa = PBXFileReference; lastKnownFileType = file.storyboard; name = Base; path = Base.lproj/LaunchScreen.storyboard; sourceTree = "<group>"; };
		D43BC4E821A18B16002BBAAF /* Info.plist */ = {isa = PBXFileReference; lastKnownFileType = text.plist.xml; path = Info.plist; sourceTree = "<group>"; };
		D43BC4EE21A18B21002BBAAF /* BalloonView.swift */ = {isa = PBXFileReference; lastKnownFileType = sourcecode.swift; path = BalloonView.swift; sourceTree = "<group>"; };
/* End PBXFileReference section */

/* Begin PBXFrameworksBuildPhase section */
		D43BC4D621A18B14002BBAAF /* Frameworks */ = {
			isa = PBXFrameworksBuildPhase;
			buildActionMask = 2147483647;
			files = (
			);
			runOnlyForDeploymentPostprocessing = 0;
		};
/* End PBXFrameworksBuildPhase section */

/* Begin PBXGroup section */
		D43BC4D021A18B14002BBAAF = {
			isa = PBXGroup;
			children = (
				D43BC4DB21A18B14002BBAAF /* BalloonView */,
				D43BC4DA21A18B14002BBAAF /* Products */,
			);
			sourceTree = "<group>";
		};
		D43BC4DA21A18B14002BBAAF /* Products */ = {
			isa = PBXGroup;
			children = (
				D43BC4D921A18B14002BBAAF /* BalloonView.app */,
			);
			name = Products;
			sourceTree = "<group>";
		};
		D43BC4DB21A18B14002BBAAF /* BalloonView */ = {
			isa = PBXGroup;
			children = (
				D43BC4DC21A18B15002BBAAF /* AppDelegate.swift */,
				D43BC4EE21A18B21002BBAAF /* BalloonView.swift */,
				D43BC4DE21A18B15002BBAAF /* ViewController.swift */,
				D43BC4E021A18B15002BBAAF /* Main.storyboard */,
				D43BC4E321A18B16002BBAAF /* Assets.xcassets */,
				D43BC4E521A18B16002BBAAF /* LaunchScreen.storyboard */,
				D43BC4E821A18B16002BBAAF /* Info.plist */,
			);
			path = BalloonView;
			sourceTree = "<group>";
		};
/* End PBXGroup section */

/* Begin PBXNativeTarget section */
		D43BC4D821A18B14002BBAAF /* BalloonView */ = {
			isa = PBXNativeTarget;
			buildConfigurationList = D43BC4EB21A18B16002BBAAF /* Build configuration list for PBXNativeTarget "BalloonView" */;
			buildPhases = (
				D43BC4D521A18B14002BBAAF /* Sources */,
				D43BC4D621A18B14002BBAAF /* Frameworks */,
				D43BC4D721A18B14002BBAAF /* Resources */,
			);
			buildRules = (
			);
			dependencies = (
			);
			name = BalloonView;
			productName = BalloonView;
			productReference = D43BC4D921A18B14002BBAAF /* BalloonView.app */;
			productType = "com.apple.product-type.application";
		};
/* End PBXNativeTarget section */

/* Begin PBXProject section */
		D43BC4D121A18B14002BBAAF /* Project object */ = {
			isa = PBXProject;
			attributes = {
				LastSwiftUpdateCheck = 1010;
				LastUpgradeCheck = 1010;
				ORGANIZATIONNAME = "Jinsei Shima";
				TargetAttributes = {
					D43BC4D821A18B14002BBAAF = {
						CreatedOnToolsVersion = 10.1;
					};
				};
			};
			buildConfigurationList = D43BC4D421A18B14002BBAAF /* Build configuration list for PBXProject "BalloonView" */;
			compatibilityVersion = "Xcode 9.3";
			developmentRegion = en;
			hasScannedForEncodings = 0;
			knownRegions = (
				en,
				Base,
			);
			mainGroup = D43BC4D021A18B14002BBAAF;
			productRefGroup = D43BC4DA21A18B14002BBAAF /* Products */;
			projectDirPath = "";
			projectRoot = "";
			targets = (
				D43BC4D821A18B14002BBAAF /* BalloonView */,
			);
		};
/* End PBXProject section */

/* Begin PBXResourcesBuildPhase section */
		D43BC4D721A18B14002BBAAF /* Resources */ = {
			isa = PBXResourcesBuildPhase;
			buildActionMask = 2147483647;
			files = (
				D43BC4E721A18B16002BBAAF /* LaunchScreen.storyboard in Resources */,
				D43BC4E421A18B16002BBAAF /* Assets.xcassets in Resources */,
				D43BC4E221A18B15002BBAAF /* Main.storyboard in Resources */,
			);
			runOnlyForDeploymentPostprocessing = 0;
		};
/* End PBXResourcesBuildPhase section */

/* Begin PBXSourcesBuildPhase section */
		D43BC4D521A18B14002BBAAF /* Sources */ = {
			isa = PBXSourcesBuildPhase;
			buildActionMask = 2147483647;
			files = (
				D43BC4EF21A18B21002BBAAF /* BalloonView.swift in Sources */,
				D43BC4DF21A18B15002BBAAF /* ViewController.swift in Sources */,
				D43BC4DD21A18B15002BBAAF /* AppDelegate.swift in Sources */,
			);
			runOnlyForDeploymentPostprocessing = 0;
		};
/* End PBXSourcesBuildPhase section */

/* Begin PBXVariantGroup section */
		D43BC4E021A18B15002BBAAF /* Main.storyboard */ = {
			isa = PBXVariantGroup;
			children = (
				D43BC4E121A18B15002BBAAF /* Base */,
			);
			name = Main.storyboard;
			sourceTree = "<group>";
		};
		D43BC4E521A18B16002BBAAF /* LaunchScreen.storyboard */ = {
			isa = PBXVariantGroup;
			children = (
				D43BC4E621A18B16002BBAAF /* Base */,
			);
			name = LaunchScreen.storyboard;
			sourceTree = "<group>";
		};
/* End PBXVariantGroup section */

/* Begin XCBuildConfiguration section */
		D43BC4E921A18B16002BBAAF /* Debug */ = {
			isa = XCBuildConfiguration;
			buildSettings = {
				ALWAYS_SEARCH_USER_PATHS = NO;
				CLANG_ANALYZER_NONNULL = YES;
				CLANG_ANALYZER_NUMBER_OBJECT_CONVERSION = YES_AGGRESSIVE;
				CLANG_CXX_LANGUAGE_STANDARD = "gnu++14";
				CLANG_CXX_LIBRARY = "libc++";
				CLANG_ENABLE_MODULES = YES;
				CLANG_ENABLE_OBJC_ARC = YES;
				CLANG_ENABLE_OBJC_WEAK = YES;
				CLANG_WARN_BLOCK_CAPTURE_AUTORELEASING = YES;
				CLANG_WARN_BOOL_CONVERSION = YES;
				CLANG_WARN_COMMA = YES;
				CLANG_WARN_CONSTANT_CONVERSION = YES;
				CLANG_WARN_DEPRECATED_OBJC_IMPLEMENTATIONS = YES;
				CLANG_WARN_DIRECT_OBJC_ISA_USAGE = YES_ERROR;
				CLANG_WARN_DOCUMENTATION_COMMENTS = YES;
				CLANG_WARN_EMPTY_BODY = YES;
				CLANG_WARN_ENUM_CONVERSION = YES;
				CLANG_WARN_INFINITE_RECURSION = YES;
				CLANG_WARN_INT_CONVERSION = YES;
				CLANG_WARN_NON_LITERAL_NULL_CONVERSION = YES;
				CLANG_WARN_OBJC_IMPLICIT_RETAIN_SELF = YES;
				CLANG_WARN_OBJC_LITERAL_CONVERSION = YES;
				CLANG_WARN_OBJC_ROOT_CLASS = YES_ERROR;
				CLANG_WARN_RANGE_LOOP_ANALYSIS = YES;
				CLANG_WARN_STRICT_PROTOTYPES = YES;
				CLANG_WARN_SUSPICIOUS_MOVE = YES;
				CLANG_WARN_UNGUARDED_AVAILABILITY = YES_AGGRESSIVE;
				CLANG_WARN_UNREACHABLE_CODE = YES;
				CLANG_WARN__DUPLICATE_METHOD_MATCH = YES;
				CODE_SIGN_IDENTITY = "iPhone Developer";
				COPY_PHASE_STRIP = NO;
				DEBUG_INFORMATION_FORMAT = dwarf;
				ENABLE_STRICT_OBJC_MSGSEND = YES;
				ENABLE_TESTABILITY = YES;
				GCC_C_LANGUAGE_STANDARD = gnu11;
				GCC_DYNAMIC_NO_PIC = NO;
				GCC_NO_COMMON_BLOCKS = YES;
				GCC_OPTIMIZATION_LEVEL = 0;
				GCC_PREPROCESSOR_DEFINITIONS = (
					"DEBUG=1",
					"$(inherited)",
				);
				GCC_WARN_64_TO_32_BIT_CONVERSION = YES;
				GCC_WARN_ABOUT_RETURN_TYPE = YES_ERROR;
				GCC_WARN_UNDECLARED_SELECTOR = YES;
				GCC_WARN_UNINITIALIZED_AUTOS = YES_AGGRESSIVE;
				GCC_WARN_UNUSED_FUNCTION = YES;
				GCC_WARN_UNUSED_VARIABLE = YES;
				IPHONEOS_DEPLOYMENT_TARGET = 12.1;
				MTL_ENABLE_DEBUG_INFO = INCLUDE_SOURCE;
				MTL_FAST_MATH = YES;
				ONLY_ACTIVE_ARCH = YES;
				SDKROOT = iphoneos;
				SWIFT_ACTIVE_COMPILATION_CONDITIONS = DEBUG;
				SWIFT_OPTIMIZATION_LEVEL = "-Onone";
			};
			name = Debug;
		};
		D43BC4EA21A18B16002BBAAF /* Release */ = {
			isa = XCBuildConfiguration;
			buildSettings = {
				ALWAYS_SEARCH_USER_PATHS = NO;
				CLANG_ANALYZER_NONNULL = YES;
				CLANG_ANALYZER_NUMBER_OBJECT_CONVERSION = YES_AGGRESSIVE;
				CLANG_CXX_LANGUAGE_STANDARD = "gnu++14";
				CLANG_CXX_LIBRARY = "libc++";
				CLANG_ENABLE_MODULES = YES;
				CLANG_ENABLE_OBJC_ARC = YES;
				CLANG_ENABLE_OBJC_WEAK = YES;
				CLANG_WARN_BLOCK_CAPTURE_AUTORELEASING = YES;
				CLANG_WARN_BOOL_CONVERSION = YES;
				CLANG_WARN_COMMA = YES;
				CLANG_WARN_CONSTANT_CONVERSION = YES;
				CLANG_WARN_DEPRECATED_OBJC_IMPLEMENTATIONS = YES;
				CLANG_WARN_DIRECT_OBJC_ISA_USAGE = YES_ERROR;
				CLANG_WARN_DOCUMENTATION_COMMENTS = YES;
				CLANG_WARN_EMPTY_BODY = YES;
				CLANG_WARN_ENUM_CONVERSION = YES;
				CLANG_WARN_INFINITE_RECURSION = YES;
				CLANG_WARN_INT_CONVERSION = YES;
				CLANG_WARN_NON_LITERAL_NULL_CONVERSION = YES;
				CLANG_WARN_OBJC_IMPLICIT_RETAIN_SELF = YES;
				CLANG_WARN_OBJC_LITERAL_CONVERSION = YES;
				CLANG_WARN_OBJC_ROOT_CLASS = YES_ERROR;
				CLANG_WARN_RANGE_LOOP_ANALYSIS = YES;
				CLANG_WARN_STRICT_PROTOTYPES = YES;
				CLANG_WARN_SUSPICIOUS_MOVE = YES;
				CLANG_WARN_UNGUARDED_AVAILABILITY = YES_AGGRESSIVE;
				CLANG_WARN_UNREACHABLE_CODE = YES;
				CLANG_WARN__DUPLICATE_METHOD_MATCH = YES;
				CODE_SIGN_IDENTITY = "iPhone Developer";
				COPY_PHASE_STRIP = NO;
				DEBUG_INFORMATION_FORMAT = "dwarf-with-dsym";
				ENABLE_NS_ASSERTIONS = NO;
				ENABLE_STRICT_OBJC_MSGSEND = YES;
				GCC_C_LANGUAGE_STANDARD = gnu11;
				GCC_NO_COMMON_BLOCKS = YES;
				GCC_WARN_64_TO_32_BIT_CONVERSION = YES;
				GCC_WARN_ABOUT_RETURN_TYPE = YES_ERROR;
				GCC_WARN_UNDECLARED_SELECTOR = YES;
				GCC_WARN_UNINITIALIZED_AUTOS = YES_AGGRESSIVE;
				GCC_WARN_UNUSED_FUNCTION = YES;
				GCC_WARN_UNUSED_VARIABLE = YES;
				IPHONEOS_DEPLOYMENT_TARGET = 12.1;
				MTL_ENABLE_DEBUG_INFO = NO;
				MTL_FAST_MATH = YES;
				SDKROOT = iphoneos;
				SWIFT_COMPILATION_MODE = wholemodule;
				SWIFT_OPTIMIZATION_LEVEL = "-O";
				VALIDATE_PRODUCT = YES;
			};
			name = Release;
		};
		D43BC4EC21A18B16002BBAAF /* Debug */ = {
			isa = XCBuildConfiguration;
			buildSettings = {
				ASSETCATALOG_COMPILER_APPICON_NAME = AppIcon;
				CODE_SIGN_STYLE = Automatic;
				INFOPLIST_FILE = BalloonView/Info.plist;
				LD_RUNPATH_SEARCH_PATHS = (
					"$(inherited)",
					"@executable_path/Frameworks",
				);
				PRODUCT_BUNDLE_IDENTIFIER = com.shima.app.BalloonView;
				PRODUCT_NAME = "$(TARGET_NAME)";
				SWIFT_VERSION = 4.2;
				TARGETED_DEVICE_FAMILY = "1,2";
			};
			name = Debug;
		};
		D43BC4ED21A18B16002BBAAF /* Release */ = {
			isa = XCBuildConfiguration;
			buildSettings = {
				ASSETCATALOG_COMPILER_APPICON_NAME = AppIcon;
				CODE_SIGN_STYLE = Automatic;
				INFOPLIST_FILE = BalloonView/Info.plist;
				LD_RUNPATH_SEARCH_PATHS = (
					"$(inherited)",
					"@executable_path/Frameworks",
				);
				PRODUCT_BUNDLE_IDENTIFIER = com.shima.app.BalloonView;
				PRODUCT_NAME = "$(TARGET_NAME)";
				SWIFT_VERSION = 4.2;
				TARGETED_DEVICE_FAMILY = "1,2";
			};
			name = Release;
		};
/* End XCBuildConfiguration section */

/* Begin XCConfigurationList section */
		D43BC4D421A18B14002BBAAF /* Build configuration list for PBXProject "BalloonView" */ = {
			isa = XCConfigurationList;
			buildConfigurations = (
				D43BC4E921A18B16002BBAAF /* Debug */,
				D43BC4EA21A18B16002BBAAF /* Release */,
			);
			defaultConfigurationIsVisible = 0;
			defaultConfigurationName = Release;
		};
		D43BC4EB21A18B16002BBAAF /* Build configuration list for PBXNativeTarget "BalloonView" */ = {
			isa = XCConfigurationList;
			buildConfigurations = (
				D43BC4EC21A18B16002BBAAF /* Debug */,
				D43BC4ED21A18B16002BBAAF /* Release */,
			);
			defaultConfigurationIsVisible = 0;
			defaultConfigurationName = Release;
		};
/* End XCConfigurationList section */
	};
	rootObject = D43BC4D121A18B14002BBAAF /* Project object */;
}
